<?xml version="1.0" encoding="utf-8"?>
<Project ToolsVersion="4.0" xmlns="http://schemas.microsoft.com/developer/msbuild/2003">
  <ItemGroup>
    <Filter Include="Source Files">
      <UniqueIdentifier>{4FC737F1-C7A5-4376-A066-2A32D752A2FF}</UniqueIdentifier>
      <Extensions>cpp;c;cc;cxx;c++;cppm;ixx;def;odl;idl;hpj;bat;asm;asmx</Extensions>
    </Filter>
    <Filter Include="Header Files">
      <UniqueIdentifier>{93995380-89BD-4b04-88EB-625FBE52EBFB}</UniqueIdentifier>
      <Extensions>h;hh;hpp;hxx;h++;hm;inl;inc;ipp;xsd</Extensions>
    </Filter>
    <Filter Include="Source Files\Service">
      <UniqueIdentifier>{16d92e10-34c7-4da7-adce-b918509acb29}</UniqueIdentifier>
    </Filter>
    <Filter Include="Header Files\Service">
      <UniqueIdentifier>{e9d0590a-446f-4dd5-b797-f6f2cdbbc529}</UniqueIdentifier>
    </Filter>
    <Filter Include="Source Files\Commands">
      <UniqueIdentifier>{42b9f537-508c-4947-b7a3-2faca072721d}</UniqueIdentifier>
    </Filter>
    <Filter Include="Header Files\Commands">
      <UniqueIdentifier>{1a59b3ac-51ea-4d41-9f40-df45b346d4ec}</UniqueIdentifier>
    </Filter>
    <Filter Include="Source Files\Hex Dump">
      <UniqueIdentifier>{4d51a9e7-9f30-40fc-8c5c-0f996d0547f4}</UniqueIdentifier>
    </Filter>
    <Filter Include="Header Files\Hex Dump">
      <UniqueIdentifier>{1a28337e-05e6-42a9-a83f-612d1f1b527c}</UniqueIdentifier>
    </Filter>
  </ItemGroup>
  <ItemGroup>
    <ClInclude Include="Service.hpp">
      <Filter>Header Files\Service</Filter>
    </ClInclude>
    <ClInclude Include="Commands.hpp">
      <Filter>Header Files\Commands</Filter>
    </ClInclude>
    <ClInclude Include="HexDump.hpp">
      <Filter>Header Files\Hex Dump</Filter>
    </ClInclude>
  </ItemGroup>
  <ItemGroup>
    <ClCompile Include="Service.cpp">
      <Filter>Source Files\Service</Filter>
    </ClCompile>
    <ClCompile Include="Commands.cpp">
      <Filter>Source Files\Commands</Filter>
    </ClCompile>
    <ClCompile Include="HexDump.cpp">
      <Filter>Source Files\Hex Dump</Filter>
    </ClCompile>
    <ClCompile Include="Main.cpp">
      <Filter>Source Files</Filter>
    </ClCompile>
  </ItemGroup>
  <ItemGroup>
    <None Include="README.md" />
  </ItemGroup>
</Project>